// !$*UTF8*$!
{
	archiveVersion = 1;
	classes = {
	};
	objectVersion = 56;
	objects = {

/* Begin PBXBuildFile section */
		DAWB00A00000000000000001 /* AppLanguage.swift in Sources */ = {isa = PBXBuildFile; fileRef = DAWF00A00000000000000001 /* AppLanguage.swift */; };
		DAWB00A10000000000000001 /* TrackFolder.swift in Sources */ = {isa = PBXBuildFile; fileRef = DAWF00A10000000000000001 /* TrackFolder.swift */; };
		DAWB00A20000000000000001 /* ProjectState+Editing.swift in Sources */ = {isa = PBXBuildFile; fileRef = DAWF00A20000000000000001 /* ProjectState+Editing.swift */; };
		DAWB00A30000000000000001 /* ProjectState+Folders.swift in Sources */ = {isa = PBXBuildFile; fileRef = DAWF00A30000000000000001 /* ProjectState+Folders.swift */; };
		DAWB00A90000000000000001 /* ProjectState+MixerGroup.swift in Sources */ = {isa = PBXBuildFile; fileRef = DAWF00A90000000000000001 /* ProjectState+MixerGroup.swift */; };
		DAWB00A40000000000000001 /* ClipAudioProcessing.swift in Sources */ = {isa = PBXBuildFile; fileRef = DAWF00A40000000000000001 /* ClipAudioProcessing.swift */; };
		DAWB00A50000000000000001 /* TrackRenderer.swift in Sources */ = {isa = PBXBuildFile; fileRef = DAWF00A50000000000000001 /* TrackRenderer.swift */; };
		DAWB00A60000000000000001 /* FolderHeaderView.swift in Sources */ = {isa = PBXBuildFile; fileRef = DAWF00A60000000000000001 /* FolderHeaderView.swift */; };
		DAWB00A70000000000000001 /* PreviewStretch.swift in Sources */ = {isa = PBXBuildFile; fileRef = DAWF00A70000000000000001 /* PreviewStretch.swift */; };
		DAWB00010000000000000001 /* MyDAWApp.swift in Sources */ = {isa = PBXBuildFile; fileRef = DAWF00010000000000000001 /* MyDAWApp.swift */; };
		DAWB00020000000000000001 /* AudioTrack.swift in Sources */ = {isa = PBXBuildFile; fileRef = DAWF00020000000000000001 /* AudioTrack.swift */; };
		DAWB00030000000000000001 /* WaveformCache.swift in Sources */ = {isa = PBXBuildFile; fileRef = DAWF00030000000000000001 /* WaveformCache.swift */; };
		DAWB00040000000000000001 /* ProjectState.swift in Sources */ = {isa = PBXBuildFile; fileRef = DAWF00040000000000000001 /* ProjectState.swift */; };
		DAWB00050000000000000001 /* AudioDiskWriter.swift in Sources */ = {isa = PBXBuildFile; fileRef = DAWF00050000000000000001 /* AudioDiskWriter.swift */; };
		DAWB00060000000000000001 /* AudioDeviceManager.swift in Sources */ = {isa = PBXBuildFile; fileRef = DAWF00060000000000000001 /* AudioDeviceManager.swift */; };
		DAWB00070000000000000001 /* AudioEngineManager.swift in Sources */ = {isa = PBXBuildFile; fileRef = DAWF00070000000000000001 /* AudioEngineManager.swift */; };
		DAWB00080000000000000001 /* MainDAWView.swift in Sources */ = {isa = PBXBuildFile; fileRef = DAWF00080000000000000001 /* MainDAWView.swift */; };
		DAWB00090000000000000001 /* TransportBarView.swift in Sources */ = {isa = PBXBuildFile; fileRef = DAWF00090000000000000001 /* TransportBarView.swift */; };
		DAWB00970000000000000001 /* AudioLoadIndicator.swift in Sources */ = {isa = PBXBuildFile; fileRef = DAWF00970000000000000001 /* AudioLoadIndicator.swift */; };
		DAWB00100000000000000001 /* ArrangerView.swift in Sources */ = {isa = PBXBuildFile; fileRef = DAWF00100000000000000001 /* ArrangerView.swift */; };
		DAWB00110000000000000001 /* TrackHeaderView.swift in Sources */ = {isa = PBXBuildFile; fileRef = DAWF00110000000000000001 /* TrackHeaderView.swift */; };
		DAWB00120000000000000001 /* WaveformLaneView.swift in Sources */ = {isa = PBXBuildFile; fileRef = DAWF00120000000000000001 /* WaveformLaneView.swift */; };
		DAWB00130000000000000001 /* WaveformCanvas.swift in Sources */ = {isa = PBXBuildFile; fileRef = DAWF00130000000000000001 /* WaveformCanvas.swift */; };
		DAWB00140000000000000001 /* FXChannel.swift in Sources */ = {isa = PBXBuildFile; fileRef = DAWF00140000000000000001 /* FXChannel.swift */; };
		DAWB00150000000000000001 /* AudioClip.swift in Sources */ = {isa = PBXBuildFile; fileRef = DAWF00150000000000000001 /* AudioClip.swift */; };
		DAWB00160000000000000001 /* ProjectDocument.swift in Sources */ = {isa = PBXBuildFile; fileRef = DAWF00160000000000000001 /* ProjectDocument.swift */; };
		DAWB00170000000000000001 /* PluginManager.swift in Sources */ = {isa = PBXBuildFile; fileRef = DAWF00170000000000000001 /* PluginManager.swift */; };
		DAWB00960000000000000001 /* AudioLoadMonitor.swift in Sources */ = {isa = PBXBuildFile; fileRef = DAWF00960000000000000001 /* AudioLoadMonitor.swift */; };
		DAWB00980000000000000001 /* ExportSettings.swift in Sources */ = {isa = PBXBuildFile; fileRef = DAWF00980000000000000001 /* ExportSettings.swift */; };
		DAWB00990000000000000001 /* ExportEncoder.swift in Sources */ = {isa = PBXBuildFile; fileRef = DAWF00990000000000000001 /* ExportEncoder.swift */; };
		DAWB00180000000000000001 /* VST3Host.swift in Sources */ = {isa = PBXBuildFile; fileRef = DAWF00180000000000000001 /* VST3Host.swift */; };
		DAWB00190000000000000001 /* VST3NativeInstance.swift in Sources */ = {isa = PBXBuildFile; fileRef = DAWF00190000000000000001 /* VST3NativeInstance.swift */; };
		DAWB00200000000000000001 /* VST3HostBridge.swift in Sources */ = {isa = PBXBuildFile; fileRef = DAWF00200000000000000001 /* VST3HostBridge.swift */; };
		DAWB00210000000000000001 /* MixerView.swift in Sources */ = {isa = PBXBuildFile; fileRef = DAWF00210000000000000001 /* MixerView.swift */; };
		DAWB00220000000000000001 /* ProjectSelectionView.swift in Sources */ = {isa = PBXBuildFile; fileRef = DAWF00220000000000000001 /* ProjectSelectionView.swift */; };
		DAWB00230000000000000001 /* WindowCloseHandler.swift in Sources */ = {isa = PBXBuildFile; fileRef = DAWF00230000000000000001 /* WindowCloseHandler.swift */; };
		DAWB00240000000000000001 /* GenericAUParameterView.swift in Sources */ = {isa = PBXBuildFile; fileRef = DAWF00240000000000000001 /* GenericAUParameterView.swift */; };
		DAWB00250000000000000001 /* ClipLayering.swift in Sources */ = {isa = PBXBuildFile; fileRef = DAWF00250000000000000001 /* ClipLayering.swift */; };
		DAWB00260000000000000001 /* StereoPeak.swift in Sources */ = {isa = PBXBuildFile; fileRef = DAWF00260000000000000001 /* StereoPeak.swift */; };
		DAWB00950000000000000001 /* RecentProjects.swift in Sources */ = {isa = PBXBuildFile; fileRef = DAWF00950000000000000001 /* RecentProjects.swift */; };
		DAWB00270000000000000001 /* MixerControls.swift in Sources */ = {isa = PBXBuildFile; fileRef = DAWF00270000000000000001 /* MixerControls.swift */; };
		DAWB00280000000000000001 /* VST3AudioUnit.swift in Sources */ = {isa = PBXBuildFile; fileRef = DAWF00280000000000000001 /* VST3AudioUnit.swift */; };
		DAWB00290000000000000001 /* InputMonitorAudioUnit.swift in Sources */ = {isa = PBXBuildFile; fileRef = DAWF00290000000000000001 /* InputMonitorAudioUnit.swift */; };
		DAWB00930000000000000001 /* MonoDownmixAudioUnit.swift in Sources */ = {isa = PBXBuildFile; fileRef = DAWF00930000000000000001 /* MonoDownmixAudioUnit.swift */; };
		DAWB0F010000000000000001 /* PluginSwitchAudioUnit.swift in Sources */ = {isa = PBXBuildFile; fileRef = DAWF0F010000000000000001 /* PluginSwitchAudioUnit.swift */; };
		DAWB0F020000000000000001 /* ObjCExceptionCatcher.swift in Sources */ = {isa = PBXBuildFile; fileRef = DAWF0F020000000000000001 /* ObjCExceptionCatcher.swift */; };
		DAWB00940000000000000001 /* DelayCompensationAudioUnit.swift in Sources */ = {isa = PBXBuildFile; fileRef = DAWF00940000000000000001 /* DelayCompensationAudioUnit.swift */; };
		DAWB00920000000000000001 /* AppIcon.icns in Resources */ = {isa = PBXBuildFile; fileRef = DAWF00920000000000000001 /* AppIcon.icns */; };
		DAWB00A80000000000000001 /* DocumentIcon.icns in Resources */ = {isa = PBXBuildFile; fileRef = DAWF00A80000000000000001 /* DocumentIcon.icns */; };
/* End PBXBuildFile section */

/* Begin PBXFileReference section */
		DAWF00A00000000000000001 /* AppLanguage.swift */ = {isa = PBXFileReference; lastKnownFileType = sourcecode.swift; path = AppLanguage.swift; sourceTree = "<group>"; };
		DAWF00A10000000000000001 /* TrackFolder.swift */ = {isa = PBXFileReference; lastKnownFileType = sourcecode.swift; path = TrackFolder.swift; sourceTree = "<group>"; };
		DAWF00A20000000000000001 /* ProjectState+Editing.swift */ = {isa = PBXFileReference; lastKnownFileType = sourcecode.swift; path = "ProjectState+Editing.swift"; sourceTree = "<group>"; };
		DAWF00A30000000000000001 /* ProjectState+Folders.swift */ = {isa = PBXFileReference; lastKnownFileType = sourcecode.swift; path = "ProjectState+Folders.swift"; sourceTree = "<group>"; };
		DAWF00A90000000000000001 /* ProjectState+MixerGroup.swift */ = {isa = PBXFileReference; lastKnownFileType = sourcecode.swift; path = "ProjectState+MixerGroup.swift"; sourceTree = "<group>"; };
		DAWF00A40000000000000001 /* ClipAudioProcessing.swift */ = {isa = PBXFileReference; lastKnownFileType = sourcecode.swift; path = ClipAudioProcessing.swift; sourceTree = "<group>"; };
		DAWF00A50000000000000001 /* TrackRenderer.swift */ = {isa = PBXFileReference; lastKnownFileType = sourcecode.swift; path = TrackRenderer.swift; sourceTree = "<group>"; };
		DAWF00A60000000000000001 /* FolderHeaderView.swift */ = {isa = PBXFileReference; lastKnownFileType = sourcecode.swift; path = FolderHeaderView.swift; sourceTree = "<group>"; };
		DAWF00A70000000000000001 /* PreviewStretch.swift */ = {isa = PBXFileReference; lastKnownFileType = sourcecode.swift; path = PreviewStretch.swift; sourceTree = "<group>"; };
		DAW000070000000000000001 /* MyDAW.app */ = {isa = PBXFileReference; explicitFileType = wrapper.application; includeInIndex = 0; path = MyDAW.app; sourceTree = BUILT_PRODUCTS_DIR; };
		DAWF00010000000000000001 /* MyDAWApp.swift */ = {isa = PBXFileReference; lastKnownFileType = sourcecode.swift; path = MyDAWApp.swift; sourceTree = "<group>"; };
		DAWF00020000000000000001 /* AudioTrack.swift */ = {isa = PBXFileReference; lastKnownFileType = sourcecode.swift; path = AudioTrack.swift; sourceTree = "<group>"; };
		DAWF00030000000000000001 /* WaveformCache.swift */ = {isa = PBXFileReference; lastKnownFileType = sourcecode.swift; path = WaveformCache.swift; sourceTree = "<group>"; };
		DAWF00040000000000000001 /* ProjectState.swift */ = {isa = PBXFileReference; lastKnownFileType = sourcecode.swift; path = ProjectState.swift; sourceTree = "<group>"; };
		DAWF00050000000000000001 /* AudioDiskWriter.swift */ = {isa = PBXFileReference; lastKnownFileType = sourcecode.swift; path = AudioDiskWriter.swift; sourceTree = "<group>"; };
		DAWF00060000000000000001 /* AudioDeviceManager.swift */ = {isa = PBXFileReference; lastKnownFileType = sourcecode.swift; path = AudioDeviceManager.swift; sourceTree = "<group>"; };
		DAWF00070000000000000001 /* AudioEngineManager.swift */ = {isa = PBXFileReference; lastKnownFileType = sourcecode.swift; path = AudioEngineManager.swift; sourceTree = "<group>"; };
		DAWF00080000000000000001 /* MainDAWView.swift */ = {isa = PBXFileReference; lastKnownFileType = sourcecode.swift; path = MainDAWView.swift; sourceTree = "<group>"; };
		DAWF00090000000000000001 /* TransportBarView.swift */ = {isa = PBXFileReference; lastKnownFileType = sourcecode.swift; path = TransportBarView.swift; sourceTree = "<group>"; };
		DAWF00970000000000000001 /* AudioLoadIndicator.swift */ = {isa = PBXFileReference; lastKnownFileType = sourcecode.swift; path = AudioLoadIndicator.swift; sourceTree = "<group>"; };
		DAWF00100000000000000001 /* ArrangerView.swift */ = {isa = PBXFileReference; lastKnownFileType = sourcecode.swift; path = ArrangerView.swift; sourceTree = "<group>"; };
		DAWF00110000000000000001 /* TrackHeaderView.swift */ = {isa = PBXFileReference; lastKnownFileType = sourcecode.swift; path = TrackHeaderView.swift; sourceTree = "<group>"; };
		DAWF00120000000000000001 /* WaveformLaneView.swift */ = {isa = PBXFileReference; lastKnownFileType = sourcecode.swift; path = WaveformLaneView.swift; sourceTree = "<group>"; };
		DAWF00130000000000000001 /* WaveformCanvas.swift */ = {isa = PBXFileReference; lastKnownFileType = sourcecode.swift; path = WaveformCanvas.swift; sourceTree = "<group>"; };
		DAWF00140000000000000001 /* FXChannel.swift */ = {isa = PBXFileReference; lastKnownFileType = sourcecode.swift; path = FXChannel.swift; sourceTree = "<group>"; };
		DAWF00150000000000000001 /* AudioClip.swift */ = {isa = PBXFileReference; lastKnownFileType = sourcecode.swift; path = AudioClip.swift; sourceTree = "<group>"; };
		DAWF00160000000000000001 /* ProjectDocument.swift */ = {isa = PBXFileReference; lastKnownFileType = sourcecode.swift; path = ProjectDocument.swift; sourceTree = "<group>"; };
		DAWF00170000000000000001 /* PluginManager.swift */ = {isa = PBXFileReference; lastKnownFileType = sourcecode.swift; path = PluginManager.swift; sourceTree = "<group>"; };
		DAWF00960000000000000001 /* AudioLoadMonitor.swift */ = {isa = PBXFileReference; lastKnownFileType = sourcecode.swift; path = AudioLoadMonitor.swift; sourceTree = "<group>"; };
		DAWF00980000000000000001 /* ExportSettings.swift */ = {isa = PBXFileReference; lastKnownFileType = sourcecode.swift; path = ExportSettings.swift; sourceTree = "<group>"; };
		DAWF00990000000000000001 /* ExportEncoder.swift */ = {isa = PBXFileReference; lastKnownFileType = sourcecode.swift; path = ExportEncoder.swift; sourceTree = "<group>"; };
		DAWF00180000000000000001 /* VST3Host.swift */ = {isa = PBXFileReference; lastKnownFileType = sourcecode.swift; path = VST3Host.swift; sourceTree = "<group>"; };
		DAWF00190000000000000001 /* VST3NativeInstance.swift */ = {isa = PBXFileReference; lastKnownFileType = sourcecode.swift; path = VST3NativeInstance.swift; sourceTree = "<group>"; };
		DAWF00200000000000000001 /* VST3HostBridge.swift */ = {isa = PBXFileReference; lastKnownFileType = sourcecode.swift; path = VST3HostBridge.swift; sourceTree = "<group>"; };
		DAWF00210000000000000001 /* MixerView.swift */ = {isa = PBXFileReference; lastKnownFileType = sourcecode.swift; path = MixerView.swift; sourceTree = "<group>"; };
		DAWF00220000000000000001 /* ProjectSelectionView.swift */ = {isa = PBXFileReference; lastKnownFileType = sourcecode.swift; path = ProjectSelectionView.swift; sourceTree = "<group>"; };
		DAWF00230000000000000001 /* WindowCloseHandler.swift */ = {isa = PBXFileReference; lastKnownFileType = sourcecode.swift; path = WindowCloseHandler.swift; sourceTree = "<group>"; };
		DAWF00240000000000000001 /* GenericAUParameterView.swift */ = {isa = PBXFileReference; lastKnownFileType = sourcecode.swift; path = GenericAUParameterView.swift; sourceTree = "<group>"; };
		DAWF00250000000000000001 /* ClipLayering.swift */ = {isa = PBXFileReference; lastKnownFileType = sourcecode.swift; path = ClipLayering.swift; sourceTree = "<group>"; };
		DAWF00260000000000000001 /* StereoPeak.swift */ = {isa = PBXFileReference; lastKnownFileType = sourcecode.swift; path = StereoPeak.swift; sourceTree = "<group>"; };
		DAWF00950000000000000001 /* RecentProjects.swift */ = {isa = PBXFileReference; lastKnownFileType = sourcecode.swift; path = RecentProjects.swift; sourceTree = "<group>"; };
		DAWF00270000000000000001 /* MixerControls.swift */ = {isa = PBXFileReference; lastKnownFileType = sourcecode.swift; path = MixerControls.swift; sourceTree = "<group>"; };
		DAWF00280000000000000001 /* VST3AudioUnit.swift */ = {isa = PBXFileReference; lastKnownFileType = sourcecode.swift; path = VST3AudioUnit.swift; sourceTree = "<group>"; };
		DAWF00290000000000000001 /* InputMonitorAudioUnit.swift */ = {isa = PBXFileReference; lastKnownFileType = sourcecode.swift; path = InputMonitorAudioUnit.swift; sourceTree = "<group>"; };
		DAWF00930000000000000001 /* MonoDownmixAudioUnit.swift */ = {isa = PBXFileReference; lastKnownFileType = sourcecode.swift; path = MonoDownmixAudioUnit.swift; sourceTree = "<group>"; };
		DAWF0F010000000000000001 /* PluginSwitchAudioUnit.swift */ = {isa = PBXFileReference; lastKnownFileType = sourcecode.swift; path = PluginSwitchAudioUnit.swift; sourceTree = "<group>"; };
		DAWF0F020000000000000001 /* ObjCExceptionCatcher.swift */ = {isa = PBXFileReference; lastKnownFileType = sourcecode.swift; path = ObjCExceptionCatcher.swift; sourceTree = "<group>"; };
		DAWF00940000000000000001 /* DelayCompensationAudioUnit.swift */ = {isa = PBXFileReference; lastKnownFileType = sourcecode.swift; path = DelayCompensationAudioUnit.swift; sourceTree = "<group>"; };
		DAWF00900000000000000001 /* Info.plist */ = {isa = PBXFileReference; lastKnownFileType = text.plist.xml; path = Info.plist; sourceTree = "<group>"; };
		DAWF00910000000000000001 /* MyDAW.entitlements */ = {isa = PBXFileReference; lastKnownFileType = text.plist.entitlements; path = MyDAW.entitlements; sourceTree = "<group>"; };
		DAWF00920000000000000001 /* AppIcon.icns */ = {isa = PBXFileReference; lastKnownFileType = image.icns; path = AppIcon.icns; sourceTree = "<group>"; };
		DAWF00A80000000000000001 /* DocumentIcon.icns */ = {isa = PBXFileReference; lastKnownFileType = image.icns; path = DocumentIcon.icns; sourceTree = "<group>"; };
/* End PBXFileReference section */

/* Begin PBXFrameworksBuildPhase section */
		DAW000110000000000000001 /* Frameworks */ = {
			isa = PBXFrameworksBuildPhase;
			buildActionMask = 2147483647;
			files = (
			);
			runOnlyForDeploymentPostprocessing = 0;
		};
/* End PBXFrameworksBuildPhase section */

/* Begin PBXGroup section */
		DAW000030000000000000001 = {
			isa = PBXGroup;
			children = (
				DAW000040000000000000001 /* Sources */,
				DAWF00900000000000000001 /* Info.plist */,
				DAWF00910000000000000001 /* MyDAW.entitlements */,
				DAWF00920000000000000001 /* AppIcon.icns */,
				DAWF00A80000000000000001 /* DocumentIcon.icns */,
				DAW000060000000000000001 /* Products */,
			);
			sourceTree = "<group>";
		};
		DAW000040000000000000001 /* Sources */ = {
			isa = PBXGroup;
			children = (
				DAWF00010000000000000001 /* MyDAWApp.swift */,
				DAW000041000000000000001 /* Models */,
				DAW000042000000000000001 /* Audio */,
				DAW000043000000000000001 /* Views */,
			);
			path = Sources;
			sourceTree = "<group>";
		};
		DAW000041000000000000001 /* Models */ = {
			isa = PBXGroup;
			children = (
				DAWF00A30000000000000001 /* ProjectState+Folders.swift */,
				DAWF00A90000000000000001 /* ProjectState+MixerGroup.swift */,
				DAWF00A20000000000000001 /* ProjectState+Editing.swift */,
				DAWF00A10000000000000001 /* TrackFolder.swift */,
				DAWF00A00000000000000001 /* AppLanguage.swift */,
				DAWF00150000000000000001 /* AudioClip.swift */,
				DAWF00020000000000000001 /* AudioTrack.swift */,
				DAWF00250000000000000001 /* ClipLayering.swift */,
				DAWF00140000000000000001 /* FXChannel.swift */,
				DAWF00160000000000000001 /* ProjectDocument.swift */,
				DAWF00980000000000000001 /* ExportSettings.swift */,
				DAWF00040000000000000001 /* ProjectState.swift */,
				DAWF00950000000000000001 /* RecentProjects.swift */,
				DAWF00260000000000000001 /* StereoPeak.swift */,
				DAWF00030000000000000001 /* WaveformCache.swift */,
			);
			path = Models;
			sourceTree = "<group>";
		};
		DAW000042000000000000001 /* Audio */ = {
			isa = PBXGroup;
			children = (
				DAWF00A50000000000000001 /* TrackRenderer.swift */,
				DAWF00A40000000000000001 /* ClipAudioProcessing.swift */,
				DAWF00060000000000000001 /* AudioDeviceManager.swift */,
				DAWF00050000000000000001 /* AudioDiskWriter.swift */,
				DAWF00990000000000000001 /* ExportEncoder.swift */,
				DAWF00070000000000000001 /* AudioEngineManager.swift */,
				DAWF00240000000000000001 /* GenericAUParameterView.swift */,
				DAWF00290000000000000001 /* InputMonitorAudioUnit.swift */,
				DAWF00930000000000000001 /* MonoDownmixAudioUnit.swift */,
				DAWF0F010000000000000001 /* PluginSwitchAudioUnit.swift */,
				DAWF0F020000000000000001 /* ObjCExceptionCatcher.swift */,
				DAWF00940000000000000001 /* DelayCompensationAudioUnit.swift */,
				DAWF00170000000000000001 /* PluginManager.swift */,
				DAWF00960000000000000001 /* AudioLoadMonitor.swift */,
				DAWF00280000000000000001 /* VST3AudioUnit.swift */,
				DAWF00180000000000000001 /* VST3Host.swift */,
				DAWF00200000000000000001 /* VST3HostBridge.swift */,
				DAWF00190000000000000001 /* VST3NativeInstance.swift */,
			);
			path = Audio;
			sourceTree = "<group>";
		};
		DAW000043000000000000001 /* Views */ = {
			isa = PBXGroup;
			children = (
				DAWF00A70000000000000001 /* PreviewStretch.swift */,
				DAWF00A60000000000000001 /* FolderHeaderView.swift */,
				DAWF00100000000000000001 /* ArrangerView.swift */,
				DAWF00080000000000000001 /* MainDAWView.swift */,
				DAWF00270000000000000001 /* MixerControls.swift */,
				DAWF00210000000000000001 /* MixerView.swift */,
				DAWF00220000000000000001 /* ProjectSelectionView.swift */,
				DAWF00110000000000000001 /* TrackHeaderView.swift */,
				DAWF00090000000000000001 /* TransportBarView.swift */,
				DAWF00970000000000000001 /* AudioLoadIndicator.swift */,
				DAWF00130000000000000001 /* WaveformCanvas.swift */,
				DAWF00120000000000000001 /* WaveformLaneView.swift */,
				DAWF00230000000000000001 /* WindowCloseHandler.swift */,
			);
			path = Views;
			sourceTree = "<group>";
		};
		DAW000060000000000000001 /* Products */ = {
			isa = PBXGroup;
			children = (
				DAW000070000000000000001 /* MyDAW.app */,
			);
			name = Products;
			sourceTree = "<group>";
		};
/* End PBXGroup section */

/* Begin PBXNativeTarget section */
		DAW000020000000000000001 /* MyDAW */ = {
			isa = PBXNativeTarget;
			buildConfigurationList = DAW000090000000000000001 /* Build configuration list for PBXNativeTarget "MyDAW" */;
			buildPhases = (
				DAW000130000000000000001 /* Build VST3 Bridge */,
				DAW000100000000000000001 /* Sources */,
				DAW000110000000000000001 /* Frameworks */,
				DAW000120000000000000001 /* Resources */,
				DAW000140000000000000001 /* Strip Extended Attributes */,
			);
			buildRules = (
			);
			dependencies = (
			);
			name = MyDAW;
			productName = MyDAW;
			productReference = DAW000070000000000000001 /* MyDAW.app */;
			productType = "com.apple.product-type.application";
		};
/* End PBXNativeTarget section */

/* Begin PBXProject section */
		DAW000010000000000000001 /* Project object */ = {
			isa = PBXProject;
			attributes = {
				BuildIndependentTargetsInParallel = 1;
				LastSwiftUpdateCheck = 1500;
				LastUpgradeCheck = 1500;
				TargetAttributes = {
					DAW000020000000000000001 = {
						CreatedOnToolsVersion = 15.0;
					};
				};
			};
			buildConfigurationList = DAW000080000000000000001 /* Build configuration list for PBXProject "MyDAW" */;
			compatibilityVersion = "Xcode 14.0";
			developmentRegion = en;
			hasScannedForEncodings = 0;
			knownRegions = (
				en,
				Base,
			);
			mainGroup = DAW000030000000000000001;
			productRefGroup = DAW000060000000000000001 /* Products */;
			projectDirPath = "";
			projectRoot = "";
			targets = (
				DAW000020000000000000001 /* MyDAW */,
			);
		};
/* End PBXProject section */

/* Begin PBXResourcesBuildPhase section */
		DAW000120000000000000001 /* Resources */ = {
			isa = PBXResourcesBuildPhase;
			buildActionMask = 2147483647;
			files = (
				DAWB00920000000000000001 /* AppIcon.icns in Resources */,
				DAWB00A80000000000000001 /* DocumentIcon.icns in Resources */,
			);
			runOnlyForDeploymentPostprocessing = 0;
		};
/* End PBXResourcesBuildPhase section */

/* Begin PBXShellScriptBuildPhase section */
		DAW000130000000000000001 /* Build VST3 Bridge */ = {
			isa = PBXShellScriptBuildPhase;
			alwaysOutOfDate = 1;
			buildActionMask = 2147483647;
			files = (
			);
			inputPaths = (
			);
			name = "Build VST3 Bridge";
			outputPaths = (
			);
			runOnlyForDeploymentPostprocessing = 0;
			shellPath = /bin/sh;
			shellScript = "set -e\n# The VST3 bridge (C++, Steinberg SDK) is built with CMake, same as scripts/build.sh.\nexport PATH=\"/opt/homebrew/bin:/usr/local/bin:$PATH\"\nBUILD_DIR=\"$HOME/Library/Caches/MyDAW/vst3-build\"\ncmake -S \"$PROJECT_DIR/VST3Host\" -B \"$BUILD_DIR\" -DCMAKE_BUILD_TYPE=Release -DCMAKE_OSX_DEPLOYMENT_TARGET=13.0 -DCMAKE_OSX_ARCHITECTURES=arm64\ncmake --build \"$BUILD_DIR\" --target MyDAWVST3Bridge -j4\n";
			showEnvVarsInLog = 0;
		};
		DAW000140000000000000001 /* Strip Extended Attributes */ = {
			isa = PBXShellScriptBuildPhase;
			alwaysOutOfDate = 1;
			buildActionMask = 2147483647;
			files = (
			);
			inputPaths = (
			);
			name = "Strip Extended Attributes";
			outputPaths = (
			);
			runOnlyForDeploymentPostprocessing = 0;
			shellPath = /bin/sh;
			shellScript = "# GUI translations (en.lproj / ja.lproj), same as scripts/build.sh.\nRES=\"$TARGET_BUILD_DIR/$UNLOCALIZED_RESOURCES_FOLDER_PATH\"\nmkdir -p \"$RES\"\nrm -rf \"$RES\"/*.lproj\ncp -R \"$PROJECT_DIR\"/Resources/*.lproj \"$RES/\"\n# MP3 encoder library (Contents/Frameworks) and its license, same as scripts/build.sh.\n\"$PROJECT_DIR/scripts/build-lame.sh\" \"$TARGET_BUILD_DIR/$WRAPPER_NAME\"\n# Files synced by Google Drive carry extended attributes that codesign rejects.\nxattr -cr \"$TARGET_BUILD_DIR/$WRAPPER_NAME\"\n";
			showEnvVarsInLog = 0;
		};
/* End PBXShellScriptBuildPhase section */

/* Begin PBXSourcesBuildPhase section */
		DAW000100000000000000001 /* Sources */ = {
			isa = PBXSourcesBuildPhase;
			buildActionMask = 2147483647;
			files = (
				DAWB00A00000000000000001 /* AppLanguage.swift in Sources */,
				DAWB00A10000000000000001 /* TrackFolder.swift in Sources */,
				DAWB00A20000000000000001 /* ProjectState+Editing.swift in Sources */,
				DAWB00A30000000000000001 /* ProjectState+Folders.swift in Sources */,
				DAWB00A90000000000000001 /* ProjectState+MixerGroup.swift in Sources */,
				DAWB00A40000000000000001 /* ClipAudioProcessing.swift in Sources */,
				DAWB00A50000000000000001 /* TrackRenderer.swift in Sources */,
				DAWB00A60000000000000001 /* FolderHeaderView.swift in Sources */,
				DAWB00A70000000000000001 /* PreviewStretch.swift in Sources */,
				DAWB00010000000000000001 /* MyDAWApp.swift in Sources */,
				DAWB00020000000000000001 /* AudioTrack.swift in Sources */,
				DAWB00030000000000000001 /* WaveformCache.swift in Sources */,
				DAWB00040000000000000001 /* ProjectState.swift in Sources */,
				DAWB00050000000000000001 /* AudioDiskWriter.swift in Sources */,
				DAWB00060000000000000001 /* AudioDeviceManager.swift in Sources */,
				DAWB00070000000000000001 /* AudioEngineManager.swift in Sources */,
				DAWB00080000000000000001 /* MainDAWView.swift in Sources */,
				DAWB00090000000000000001 /* TransportBarView.swift in Sources */,
				DAWB00970000000000000001 /* AudioLoadIndicator.swift in Sources */,
				DAWB00100000000000000001 /* ArrangerView.swift in Sources */,
				DAWB00110000000000000001 /* TrackHeaderView.swift in Sources */,
				DAWB00120000000000000001 /* WaveformLaneView.swift in Sources */,
				DAWB00130000000000000001 /* WaveformCanvas.swift in Sources */,
				DAWB00140000000000000001 /* FXChannel.swift in Sources */,
				DAWB00150000000000000001 /* AudioClip.swift in Sources */,
				DAWB00160000000000000001 /* ProjectDocument.swift in Sources */,
				DAWB00980000000000000001 /* ExportSettings.swift in Sources */,
				DAWB00990000000000000001 /* ExportEncoder.swift in Sources */,
				DAWB00170000000000000001 /* PluginManager.swift in Sources */,
				DAWB00960000000000000001 /* AudioLoadMonitor.swift in Sources */,
				DAWB00180000000000000001 /* VST3Host.swift in Sources */,
				DAWB00190000000000000001 /* VST3NativeInstance.swift in Sources */,
				DAWB00200000000000000001 /* VST3HostBridge.swift in Sources */,
				DAWB00210000000000000001 /* MixerView.swift in Sources */,
				DAWB00220000000000000001 /* ProjectSelectionView.swift in Sources */,
				DAWB00230000000000000001 /* WindowCloseHandler.swift in Sources */,
				DAWB00240000000000000001 /* GenericAUParameterView.swift in Sources */,
				DAWB00250000000000000001 /* ClipLayering.swift in Sources */,
				DAWB00260000000000000001 /* StereoPeak.swift in Sources */,
				DAWB00950000000000000001 /* RecentProjects.swift in Sources */,
				DAWB00270000000000000001 /* MixerControls.swift in Sources */,
				DAWB00280000000000000001 /* VST3AudioUnit.swift in Sources */,
				DAWB00290000000000000001 /* InputMonitorAudioUnit.swift in Sources */,
				DAWB00930000000000000001 /* MonoDownmixAudioUnit.swift in Sources */,
				DAWB0F010000000000000001 /* PluginSwitchAudioUnit.swift in Sources */,
				DAWB0F020000000000000001 /* ObjCExceptionCatcher.swift in Sources */,
				DAWB00940000000000000001 /* DelayCompensationAudioUnit.swift in Sources */,
			);
			runOnlyForDeploymentPostprocessing = 0;
		};
/* End PBXSourcesBuildPhase section */

/* Begin XCBuildConfiguration section */
		DAW000081000000000000001 /* Debug */ = {
			isa = XCBuildConfiguration;
			buildSettings = {
				ALWAYS_SEARCH_USER_PATHS = NO;
				ARCHS = arm64;
				CLANG_ANALYZER_NONNULL = YES;
				CLANG_CXX_LANGUAGE_STANDARD = "gnu++20";
				CLANG_ENABLE_MODULES = YES;
				CLANG_ENABLE_OBJC_ARC = YES;
				COPY_PHASE_STRIP = NO;
				ENABLE_USER_SCRIPT_SANDBOXING = NO;
				MACOSX_DEPLOYMENT_TARGET = 13.0;
				SDKROOT = macosx;
				DEBUG_INFORMATION_FORMAT = dwarf;
				ENABLE_TESTABILITY = YES;
				GCC_DYNAMIC_NO_PIC = NO;
				GCC_OPTIMIZATION_LEVEL = 0;
				GCC_PREPROCESSOR_DEFINITIONS = (
					"DEBUG=1",
					"$(inherited)",
				);
				MTL_ENABLE_DEBUG_INFO = INCLUDE_SOURCE;
				ONLY_ACTIVE_ARCH = YES;
				SWIFT_ACTIVE_COMPILATION_CONDITIONS = DEBUG;
				SWIFT_OPTIMIZATION_LEVEL = "-Onone";
			};
			name = Debug;
		};
		DAW000082000000000000001 /* Release */ = {
			isa = XCBuildConfiguration;
			buildSettings = {
				ALWAYS_SEARCH_USER_PATHS = NO;
				ARCHS = arm64;
				CLANG_ANALYZER_NONNULL = YES;
				CLANG_CXX_LANGUAGE_STANDARD = "gnu++20";
				CLANG_ENABLE_MODULES = YES;
				CLANG_ENABLE_OBJC_ARC = YES;
				COPY_PHASE_STRIP = NO;
				ENABLE_USER_SCRIPT_SANDBOXING = NO;
				MACOSX_DEPLOYMENT_TARGET = 13.0;
				SDKROOT = macosx;
				DEBUG_INFORMATION_FORMAT = "dwarf-with-dsym";
				ENABLE_NS_ASSERTIONS = NO;
				MTL_ENABLE_DEBUG_INFO = NO;
				SWIFT_COMPILATION_MODE = wholemodule;
				SWIFT_OPTIMIZATION_LEVEL = "-O";
			};
			name = Release;
		};
		DAW000091000000000000001 /* Debug */ = {
			isa = XCBuildConfiguration;
			buildSettings = {
				CODE_SIGN_ENTITLEMENTS = MyDAW.entitlements;
				CODE_SIGN_IDENTITY = "-";
				CODE_SIGN_STYLE = Manual;
				COMBINE_HIDPI_IMAGES = YES;
				CURRENT_PROJECT_VERSION = 1;
				ENABLE_HARDENED_RUNTIME = NO;
				GENERATE_INFOPLIST_FILE = NO;
				INFOPLIST_FILE = Info.plist;
				LD_RUNPATH_SEARCH_PATHS = (
					"$(inherited)",
					"@executable_path/../Frameworks",
				);
				LIBRARY_SEARCH_PATHS = (
					"$(inherited)",
					"$(HOME)/Library/Caches/MyDAW/vst3-build",
					"$(HOME)/Library/Caches/MyDAW/vst3-build/lib/Release",
				);
				MARKETING_VERSION = 3.0;
				OTHER_LDFLAGS = (
					"$(inherited)",
					"-lMyDAWVST3Bridge",
					"-lsdk_hosting",
					"-lsdk_common",
					"-lbase",
					"-lpluginterfaces",
					"-lc++",
					"-framework",
					CoreFoundation,
					"-framework",
					Foundation,
				);
				PRODUCT_BUNDLE_IDENTIFIER = com.tokada.MyDAW;
				PRODUCT_NAME = "$(TARGET_NAME)";
				SWIFT_EMIT_LOC_STRINGS = YES;
				SWIFT_VERSION = 5.0;
			};
			name = Debug;
		};
		DAW000092000000000000001 /* Release */ = {
			isa = XCBuildConfiguration;
			buildSettings = {
				CODE_SIGN_ENTITLEMENTS = MyDAW.entitlements;
				CODE_SIGN_IDENTITY = "-";
				CODE_SIGN_STYLE = Manual;
				COMBINE_HIDPI_IMAGES = YES;
				CURRENT_PROJECT_VERSION = 1;
				ENABLE_HARDENED_RUNTIME = NO;
				GENERATE_INFOPLIST_FILE = NO;
				INFOPLIST_FILE = Info.plist;
				LD_RUNPATH_SEARCH_PATHS = (
					"$(inherited)",
					"@executable_path/../Frameworks",
				);
				LIBRARY_SEARCH_PATHS = (
					"$(inherited)",
					"$(HOME)/Library/Caches/MyDAW/vst3-build",
					"$(HOME)/Library/Caches/MyDAW/vst3-build/lib/Release",
				);
				MARKETING_VERSION = 3.0;
				OTHER_LDFLAGS = (
					"$(inherited)",
					"-lMyDAWVST3Bridge",
					"-lsdk_hosting",
					"-lsdk_common",
					"-lbase",
					"-lpluginterfaces",
					"-lc++",
					"-framework",
					CoreFoundation,
					"-framework",
					Foundation,
				);
				PRODUCT_BUNDLE_IDENTIFIER = com.tokada.MyDAW;
				PRODUCT_NAME = "$(TARGET_NAME)";
				SWIFT_EMIT_LOC_STRINGS = YES;
				SWIFT_VERSION = 5.0;
			};
			name = Release;
		};
/* End XCBuildConfiguration section */

/* Begin XCConfigurationList section */
		DAW000080000000000000001 /* Build configuration list for PBXProject "MyDAW" */ = {
			isa = XCConfigurationList;
			buildConfigurations = (
				DAW000081000000000000001 /* Debug */,
				DAW000082000000000000001 /* Release */,
			);
			defaultConfigurationIsVisible = 0;
			defaultConfigurationName = Release;
		};
		DAW000090000000000000001 /* Build configuration list for PBXNativeTarget "MyDAW" */ = {
			isa = XCConfigurationList;
			buildConfigurations = (
				DAW000091000000000000001 /* Debug */,
				DAW000092000000000000001 /* Release */,
			);
			defaultConfigurationIsVisible = 0;
			defaultConfigurationName = Release;
		};
/* End XCConfigurationList section */
	};
	rootObject = DAW000010000000000000001 /* Project object */;
}
